<?xml version="1.0" encoding="utf-8"?>
<Project ToolsVersion="4.0" xmlns="http://schemas.microsoft.com/developer/msbuild/2003">
  <ItemGroup>
    <Filter Include="Common">
      <UniqueIdentifier>{8f401451-b422-4380-831c-5e86c02b8a17}</UniqueIdentifier>
    </Filter>
    <Filter Include="Model">
      <UniqueIdentifier>{914bd3e8-3367-4e08-ad84-8f10bac2343e}</UniqueIdentifier>
    </Filter>
    <Filter Include="Controller">
      <UniqueIdentifier>{49e73d90-c5bf-475b-b3a1-01f68f21f3fa}</UniqueIdentifier>
    </Filter>
    <Filter Include="View">
      <UniqueIdentifier>{3b86470f-aed2-42fa-85bc-1a9787eb0397}</UniqueIdentifier>
    </Filter>
    <Filter Include="Other Sources">
      <UniqueIdentifier>{c77fd587-bba1-4158-8a9f-c83eaf23fae7}</UniqueIdentifier>
    </Filter>
    <Filter Include="Data">
      <UniqueIdentifier>{b3e9f834-153d-450a-8c82-a11d69d7cfaf}</UniqueIdentifier>
    </Filter>
    <Filter Include="Controller\Libraries">
      <UniqueIdentifier>{752448af-829c-4099-9885-1172bae96f05}</UniqueIdentifier>
    </Filter>
    <Filter Include="Controller\Proxys">
      <UniqueIdentifier>{f750d373-d86a-4b81-98b2-6763909cfcaf}</UniqueIdentifier>
    </Filter>
    <Filter Include="Resources">
      <UniqueIdentifier>{67DA6AB6-F800-4c08-8B7A-83BB121AAD01}</UniqueIdentifier>
      <Extensions>rc;ico;cur;bmp;dlg;rc2;rct;bin;rgs;gif;jpg;jpeg;jpe;resx;tiff;tif;png;wav;mfcribbon-ms</Extensions>
    </Filter>
  </ItemGroup>
  <ItemGroup>
    <None Include="Resources\dagon.ico">
      <Filter>Resources</Filter>
    </None>
    <None Include="..\Other Sources\Prefix.pch">
      <Filter>Other Sources</Filter>
    </None>
  </ItemGroup>
  <ItemGroup>
    <ResourceCompile Include="Resources\dagon.rc">
      <Filter>Resources</Filter>
    </ResourceCompile>
  </ItemGroup>
  <ItemGroup>
    <ClInclude Include="..\Dagon\DGVersion.h">
      <Filter>Common</Filter>
    </ClInclude>
    <ClInclude Include="..\Dagon\DGColors.h">
      <Filter>Common</Filter>
    </ClInclude>
    <ClInclude Include="..\Dagon\DGConfig.h">
      <Filter>Common</Filter>
    </ClInclude>
    <ClInclude Include="..\Dagon\DGDefines.h">
      <Filter>Common</Filter>
    </ClInclude>
    <ClInclude Include="..\Dagon\DGGeometry.h">
      <Filter>Common</Filter>
    </ClInclude>
    <ClInclude Include="..\Dagon\DGLanguage.h">
      <Filter>Common</Filter>
    </ClInclude>
    <ClInclude Include="..\Dagon\DGLog.h">
      <Filter>Common</Filter>
    </ClInclude>
    <ClInclude Include="..\Dagon\DGPlatform.h">
      <Filter>Common</Filter>
    </ClInclude>
    <ClInclude Include="..\Dagon\DGTexture.h">
      <Filter>Model</Filter>
    </ClInclude>
    <ClInclude Include="..\Dagon\DGVideo.h">
      <Filter>Model</Filter>
    </ClInclude>
    <ClInclude Include="..\Dagon\DGAction.h">
      <Filter>Model</Filter>
    </ClInclude>
    <ClInclude Include="..\Dagon\DGAudio.h">
      <Filter>Model</Filter>
    </ClInclude>
    <ClInclude Include="..\Dagon\DGButton.h">
      <Filter>Model</Filter>
    </ClInclude>
    <ClInclude Include="..\Dagon\DGFont.h">
      <Filter>Model</Filter>
    </ClInclude>
    <ClInclude Include="..\Dagon\DGImage.h">
      <Filter>Model</Filter>
    </ClInclude>
    <ClInclude Include="..\Dagon\DGNode.h">
      <Filter>Model</Filter>
    </ClInclude>
    <ClInclude Include="..\Dagon\DGObject.h">
      <Filter>Model</Filter>
    </ClInclude>
    <ClInclude Include="..\Dagon\DGOverlay.h">
      <Filter>Model</Filter>
    </ClInclude>
    <ClInclude Include="..\Dagon\DGRoom.h">
      <Filter>Model</Filter>
    </ClInclude>
    <ClInclude Include="..\Dagon\DGSpot.h">
      <Filter>Model</Filter>
    </ClInclude>
    <ClInclude Include="..\Dagon\DGTextureManager.h">
      <Filter>Controller</Filter>
    </ClInclude>
    <ClInclude Include="..\Dagon\DGTimerManager.h">
      <Filter>Controller</Filter>
    </ClInclude>
    <ClInclude Include="..\Dagon\DGVideoManager.h">
      <Filter>Controller</Filter>
    </ClInclude>
    <ClInclude Include="..\Dagon\DGAudioManager.h">
      <Filter>Controller</Filter>
    </ClInclude>
    <ClInclude Include="..\Dagon\DGControl.h">
      <Filter>Controller</Filter>
    </ClInclude>
    <ClInclude Include="..\Dagon\DGFeedManager.h">
      <Filter>Controller</Filter>
    </ClInclude>
    <ClInclude Include="..\Dagon\DGFontManager.h">
      <Filter>Controller</Filter>
    </ClInclude>
    <ClInclude Include="..\Dagon\DGScript.h">
      <Filter>Controller</Filter>
    </ClInclude>
    <ClInclude Include="..\Dagon\DGState.h">
      <Filter>Controller</Filter>
    </ClInclude>
    <ClInclude Include="..\Dagon\DGSystem.h">
      <Filter>Controller</Filter>
    </ClInclude>
    <ClInclude Include="..\Dagon\DGSpotProxy.h">
      <Filter>Controller\Proxys</Filter>
    </ClInclude>
    <ClInclude Include="..\Dagon\DGAudioProxy.h">
      <Filter>Controller\Proxys</Filter>
    </ClInclude>
    <ClInclude Include="..\Dagon\DGButtonProxy.h">
      <Filter>Controller\Proxys</Filter>
    </ClInclude>
    <ClInclude Include="..\Dagon\DGImageProxy.h">
      <Filter>Controller\Proxys</Filter>
    </ClInclude>
    <ClInclude Include="..\Dagon\DGNodeProxy.h">
      <Filter>Controller\Proxys</Filter>
    </ClInclude>
    <ClInclude Include="..\Dagon\DGObjectProxy.h">
      <Filter>Controller\Proxys</Filter>
    </ClInclude>
    <ClInclude Include="..\Dagon\DGOverlayProxy.h">
      <Filter>Controller\Proxys</Filter>
    </ClInclude>
    <ClInclude Include="..\Dagon\DGProxy.h">
      <Filter>Controller\Proxys</Filter>
    </ClInclude>
    <ClInclude Include="..\Dagon\DGRoomProxy.h">
      <Filter>Controller\Proxys</Filter>
    </ClInclude>
    <ClInclude Include="..\Dagon\DGSystemLib.h">
      <Filter>Controller\Libraries</Filter>
    </ClInclude>
    <ClInclude Include="..\Dagon\DGConfigLib.h">
      <Filter>Controller\Libraries</Filter>
    </ClInclude>
    <ClInclude Include="..\Dagon\DGCursorLib.h">
      <Filter>Controller\Libraries</Filter>
    </ClInclude>
    <ClInclude Include="..\Dagon\DGEffectsLib.h">
      <Filter>Controller\Libraries</Filter>
    </ClInclude>
    <ClInclude Include="..\Dagon\DGRenderManager.h">
      <Filter>View</Filter>
    </ClInclude>
    <ClInclude Include="..\Dagon\DGScene.h">
      <Filter>View</Filter>
    </ClInclude>
    <ClInclude Include="..\Dagon\DGCameraManager.h">
      <Filter>View</Filter>
    </ClInclude>
    <ClInclude Include="..\Dagon\DGConsole.h">
      <Filter>View</Filter>
    </ClInclude>
    <ClInclude Include="..\Dagon\DGCursorManager.h">
      <Filter>View</Filter>
    </ClInclude>
    <ClInclude Include="..\Dagon\DGEffectsManager.h">
      <Filter>View</Filter>
    </ClInclude>
    <ClInclude Include="..\Dagon\DGInterface.h">
      <Filter>View</Filter>
    </ClInclude>
    <ClInclude Include="..\Other Sources\Luna.h">
      <Filter>Other Sources</Filter>
    </ClInclude>
    <ClInclude Include="..\Other Sources\stb_image.h">
      <Filter>Other Sources</Filter>
    </ClInclude>
  </ItemGroup>
  <ItemGroup>
    <ClCompile Include="..\Dagon\DGConfig.cpp">
      <Filter>Common</Filter>
    </ClCompile>
    <ClCompile Include="..\Dagon\DGLog.cpp">
      <Filter>Common</Filter>
    </ClCompile>
    <ClCompile Include="..\Dagon\DGTexture.cpp">
      <Filter>Model</Filter>
    </ClCompile>
    <ClCompile Include="..\Dagon\DGVideo.cpp">
      <Filter>Model</Filter>
    </ClCompile>
    <ClCompile Include="..\Dagon\DGAudio.cpp">
      <Filter>Model</Filter>
    </ClCompile>
    <ClCompile Include="..\Dagon\DGButton.cpp">
      <Filter>Model</Filter>
    </ClCompile>
    <ClCompile Include="..\Dagon\DGFont.cpp">
      <Filter>Model</Filter>
    </ClCompile>
    <ClCompile Include="..\Dagon\DGImage.cpp">
      <Filter>Model</Filter>
    </ClCompile>
    <ClCompile Include="..\Dagon\DGNode.cpp">
      <Filter>Model</Filter>
    </ClCompile>
    <ClCompile Include="..\Dagon\DGObject.cpp">
      <Filter>Model</Filter>
    </ClCompile>
    <ClCompile Include="..\Dagon\DGOverlay.cpp">
      <Filter>Model</Filter>
    </ClCompile>
    <ClCompile Include="..\Dagon\DGRoom.cpp">
      <Filter>Model</Filter>
    </ClCompile>
    <ClCompile Include="..\Dagon\DGSpot.cpp">
      <Filter>Model</Filter>
    </ClCompile>
    <ClCompile Include="..\Dagon\DGTextureManager.cpp">
      <Filter>Controller</Filter>
    </ClCompile>
    <ClCompile Include="..\Dagon\DGTimerManager.cpp">
      <Filter>Controller</Filter>
    </ClCompile>
    <ClCompile Include="..\Dagon\DGVideoManager.cpp">
      <Filter>Controller</Filter>
    </ClCompile>
    <ClCompile Include="..\Dagon\DGAudioManager.cpp">
      <Filter>Controller</Filter>
    </ClCompile>
    <ClCompile Include="..\Dagon\DGControl.cpp">
      <Filter>Controller</Filter>
    </ClCompile>
    <ClCompile Include="..\Dagon\DGFeedManager.cpp">
      <Filter>Controller</Filter>
    </ClCompile>
    <ClCompile Include="..\Dagon\DGFontManager.cpp">
      <Filter>Controller</Filter>
    </ClCompile>
    <ClCompile Include="..\Dagon\DGScript.cpp">
      <Filter>Controller</Filter>
    </ClCompile>
    <ClCompile Include="..\Dagon\DGState.cpp">
      <Filter>Controller</Filter>
    </ClCompile>
    <ClCompile Include="..\Dagon\DGSystemWin.cpp">
      <Filter>Controller</Filter>
    </ClCompile>
    <ClCompile Include="..\Dagon\DGRenderManager.cpp">
      <Filter>View</Filter>
    </ClCompile>
    <ClCompile Include="..\Dagon\DGScene.cpp">
      <Filter>View</Filter>
    </ClCompile>
    <ClCompile Include="..\Dagon\DGCameraManager.cpp">
      <Filter>View</Filter>
    </ClCompile>
    <ClCompile Include="..\Dagon\DGConsole.cpp">
      <Filter>View</Filter>
    </ClCompile>
    <ClCompile Include="..\Dagon\DGCursorManager.cpp">
      <Filter>View</Filter>
    </ClCompile>
    <ClCompile Include="..\Dagon\DGEffectsManager.cpp">
      <Filter>View</Filter>
    </ClCompile>
    <ClCompile Include="..\Dagon\DGInterface.cpp">
      <Filter>View</Filter>
    </ClCompile>
    <ClCompile Include="..\Other Sources\stb_image.c">
      <Filter>Other Sources</Filter>
    </ClCompile>
    <ClCompile Include="..\Dagon\DGShaderData.c">
      <Filter>Data</Filter>
    </ClCompile>
    <ClCompile Include="..\Dagon\DGSplashData.c">
      <Filter>Data</Filter>
    </ClCompile>
    <ClCompile Include="..\Dagon\DGFontData.c">
      <Filter>Data</Filter>
    </ClCompile>
    <ClCompile Include="..\Dagon\main.cpp" />
  </ItemGroup>
</Project>