// !$*UTF8*$!
{
	archiveVersion = 1;
	classes = {
	};
	objectVersion = 46;
	objects = {

/* Begin PBXBuildFile section */
		E8362A6714F099B3005B20EF /* DGTimerManager.cpp in Sources */ = {isa = PBXBuildFile; fileRef = E8362A6614F099B3005B20EF /* DGTimerManager.cpp */; };
		E8362A6A14F1B1A1005B20EF /* DGFeedManager.cpp in Sources */ = {isa = PBXBuildFile; fileRef = E8362A6914F1B1A1005B20EF /* DGFeedManager.cpp */; };
		E8362A6C14F2FBE1005B20EF /* DGFontManager.cpp in Sources */ = {isa = PBXBuildFile; fileRef = E8362A6B14F2FBE1005B20EF /* DGFontManager.cpp */; };
		E8707569157EF47600D2E916 /* DGCursorManager.cpp in Sources */ = {isa = PBXBuildFile; fileRef = E8707568157EF47600D2E916 /* DGCursorManager.cpp */; };
		E8CF666B14EFE7B100B4562B /* Font.cpp in Sources */ = {isa = PBXBuildFile; fileRef = E8CF666914EFE7B100B4562B /* Font.cpp */; };
		E8CF666E14EFE7F100B4562B /* FontData.c in Sources */ = {isa = PBXBuildFile; fileRef = E8CF666D14EFE7F100B4562B /* FontData.c */; };
		E8ECDFCD14E216B900A6BA8D /* DGScript.cpp in Sources */ = {isa = PBXBuildFile; fileRef = E8ECDFCB14E216B900A6BA8D /* DGScript.cpp */; };
		FB0602B4158BC6B800D26AB9 /* DGInterface.cpp in Sources */ = {isa = PBXBuildFile; fileRef = FB0602B3158BC6B800D26AB9 /* DGInterface.cpp */; };
		FB0602B8158FB18000D26AB9 /* DGVideo.cpp in Sources */ = {isa = PBXBuildFile; fileRef = FB0602B7158FB18000D26AB9 /* DGVideo.cpp */; };
		FB0F421E14896D3600BE880D /* MainMenu.xib in Resources */ = {isa = PBXBuildFile; fileRef = FB0F421C14896D3600BE880D /* MainMenu.xib */; };
		FB0F422114896D3C00BE880D /* InfoPlist.strings in Resources */ = {isa = PBXBuildFile; fileRef = FB0F421F14896D3C00BE880D /* InfoPlist.strings */; };
		FB247287148C061F00F7D1B6 /* Dagon.icns in Resources */ = {isa = PBXBuildFile; fileRef = FB247286148C061F00F7D1B6 /* Dagon.icns */; };
		FB26300514D33B3200EAD41A /* Log.cpp in Sources */ = {isa = PBXBuildFile; fileRef = FB26300414D33B3200EAD41A /* Log.cpp */; };
		FB26300914D3490300EAD41A /* DGState.cpp in Sources */ = {isa = PBXBuildFile; fileRef = FB26300814D3490300EAD41A /* DGState.cpp */; };
		FB26303A14D713DB00EAD41A /* Config.cpp in Sources */ = {isa = PBXBuildFile; fileRef = FB26303914D713DB00EAD41A /* Config.cpp */; };
		FB279DA914AA8AA0002D48FC /* DGObject.cpp in Sources */ = {isa = PBXBuildFile; fileRef = FB279DA814AA8AA0002D48FC /* DGObject.cpp */; };
		FB279DAE14AB61A1002D48FC /* DGSpot.cpp in Sources */ = {isa = PBXBuildFile; fileRef = FB279DAD14AB61A0002D48FC /* DGSpot.cpp */; };
		FB279DB214ACD224002D48FC /* DGNode.cpp in Sources */ = {isa = PBXBuildFile; fileRef = FB279DB114ACD223002D48FC /* DGNode.cpp */; };
		FB279DB514ADF3A5002D48FC /* DGRoom.cpp in Sources */ = {isa = PBXBuildFile; fileRef = FB279DB414ADF3A5002D48FC /* DGRoom.cpp */; };
		FB279DBA14AE1736002D48FC /* Audio.cpp in Sources */ = {isa = PBXBuildFile; fileRef = FB279DB714AE14AF002D48FC /* Audio.cpp */; };
		FB3B4DC615CD7EC6000B69C6 /* DGDustData.c in Sources */ = {isa = PBXBuildFile; fileRef = FB3B4DC515CD7EC6000B69C6 /* DGDustData.c */; };
		FB40B9771795E26700788AF1 /* main.cpp in Sources */ = {isa = PBXBuildFile; fileRef = FB40B9761795E26600788AF1 /* main.cpp */; };
		FB40B9791795E2A900788AF1 /* DGSystem.cpp in Sources */ = {isa = PBXBuildFile; fileRef = FB40B9781795E2A600788AF1 /* DGSystem.cpp */; };
		FB40B97C1795E4F200788AF1 /* IOKit.framework in Frameworks */ = {isa = PBXBuildFile; fileRef = FB40B97A1795E4BA00788AF1 /* IOKit.framework */; };
		FB6A1E9315AC7E5D000C0222 /* DGEffectsManager.cpp in Sources */ = {isa = PBXBuildFile; fileRef = FB6A1E9215AC7E5D000C0222 /* DGEffectsManager.cpp */; };
		FB9A5C9517A1C5C400D7234F /* DGLocator.cpp in Sources */ = {isa = PBXBuildFile; fileRef = FB9A5C9417A1C5C200D7234F /* DGLocator.cpp */; };
		FBA2C77E14DC13B40098E334 /* DGRenderManager.cpp in Sources */ = {isa = PBXBuildFile; fileRef = FBA2C77D14DC13B40098E334 /* DGRenderManager.cpp */; };
		FBA2C78114DC654B0098E334 /* DGControl.cpp in Sources */ = {isa = PBXBuildFile; fileRef = FBA2C78014DC654B0098E334 /* DGControl.cpp */; };
		FBA2C78814DD801A0098E334 /* DGCameraManager.cpp in Sources */ = {isa = PBXBuildFile; fileRef = FBA2C78714DD801A0098E334 /* DGCameraManager.cpp */; };
		FBABA631156548E80009889F /* DGOverlay.cpp in Sources */ = {isa = PBXBuildFile; fileRef = FBABA630156548E80009889F /* DGOverlay.cpp */; };
		FBABA6351565537D0009889F /* DGImage.cpp in Sources */ = {isa = PBXBuildFile; fileRef = FBABA6341565537D0009889F /* DGImage.cpp */; };
		FBABA6381565539B0009889F /* Button.cpp in Sources */ = {isa = PBXBuildFile; fileRef = FBABA6371565539B0009889F /* Button.cpp */; };
		FBB4763015D01D2E00514FE6 /* DGSplashData.c in Sources */ = {isa = PBXBuildFile; fileRef = FBB4762F15D01D2E00514FE6 /* DGSplashData.c */; };
		FBBC59AC15AF5E87005D173B /* DGShaderData.c in Sources */ = {isa = PBXBuildFile; fileRef = FBBC59AB15AF5E87005D173B /* DGShaderData.c */; };
		FBBE56DB17949ADF002CBF3C /* Cocoa.framework in Frameworks */ = {isa = PBXBuildFile; fileRef = FBC8883214574F08008D548F /* Cocoa.framework */; };
		FBBE56DD1795B4BA002CBF3C /* Credits.rtf in Resources */ = {isa = PBXBuildFile; fileRef = FBBE56DC1795B4BA002CBF3C /* Credits.rtf */; };
		FBBE56E11795B526002CBF3C /* Dagon.entitlements in Resources */ = {isa = PBXBuildFile; fileRef = FBBE56E01795B526002CBF3C /* Dagon.entitlements */; };
		FBBE56E31795B539002CBF3C /* OpenGL.framework in Frameworks */ = {isa = PBXBuildFile; fileRef = FBBE56E21795B539002CBF3C /* OpenGL.framework */; };
		FBBE56E71795B5E1002CBF3C /* stb_image.c in Sources */ = {isa = PBXBuildFile; fileRef = FBBE56E51795B5E1002CBF3C /* stb_image.c */; };
		FBD2F64B1506503C00AB6C31 /* DGAudioManager.cpp in Sources */ = {isa = PBXBuildFile; fileRef = FBD2F64A1506503C00AB6C31 /* DGAudioManager.cpp */; };
		FBE208E01589745B002F7D46 /* DGScene.cpp in Sources */ = {isa = PBXBuildFile; fileRef = FBE208DF1589745B002F7D46 /* DGScene.cpp */; };
		FBE7EDE3153F603D00F43EDA /* DGConsole.cpp in Sources */ = {isa = PBXBuildFile; fileRef = FBE7EDE2153F603D00F43EDA /* DGConsole.cpp */; };
		FBE8A8101590E91100C6D44A /* DGVideoManager.cpp in Sources */ = {isa = PBXBuildFile; fileRef = FBE8A80F1590E91100C6D44A /* DGVideoManager.cpp */; };
		FBFCC9F114BB3624003211AD /* DGTexture.cpp in Sources */ = {isa = PBXBuildFile; fileRef = FBFCC9F014BB3624003211AD /* DGTexture.cpp */; };
		FBFD855914C4CCE9000E82B2 /* DGTextureManager.cpp in Sources */ = {isa = PBXBuildFile; fileRef = FBFD855814C4CCE9000E82B2 /* DGTextureManager.cpp */; };
/* End PBXBuildFile section */

/* Begin PBXCopyFilesBuildPhase section */
		FB31E0EF15B73F5A00EE3642 /* CopyFiles */ = {
			isa = PBXCopyFilesBuildPhase;
			buildActionMask = 2147483647;
			dstPath = "";
			dstSubfolderSpec = 10;
			files = (
			);
			runOnlyForDeploymentPostprocessing = 0;
		};
/* End PBXCopyFilesBuildPhase section */

/* Begin PBXFileReference section */
		E817433514E6030A002CF502 /* ConfigLib.h */ = {isa = PBXFileReference; fileEncoding = 4; lastKnownFileType = sourcecode.c.h; path = ConfigLib.h; sourceTree = "<group>"; };
		E8362A6414F099A6005B20EF /* DGTimerManager.h */ = {isa = PBXFileReference; lastKnownFileType = sourcecode.c.h; path = DGTimerManager.h; sourceTree = "<group>"; };
		E8362A6614F099B3005B20EF /* DGTimerManager.cpp */ = {isa = PBXFileReference; fileEncoding = 4; lastKnownFileType = sourcecode.cpp.cpp; path = DGTimerManager.cpp; sourceTree = "<group>"; };
		E8362A6814F1B182005B20EF /* DGFeedManager.h */ = {isa = PBXFileReference; lastKnownFileType = sourcecode.c.h; path = DGFeedManager.h; sourceTree = "<group>"; };
		E8362A6914F1B1A1005B20EF /* DGFeedManager.cpp */ = {isa = PBXFileReference; fileEncoding = 4; lastKnownFileType = sourcecode.cpp.cpp; path = DGFeedManager.cpp; sourceTree = "<group>"; };
		E8362A6B14F2FBE1005B20EF /* DGFontManager.cpp */ = {isa = PBXFileReference; fileEncoding = 4; lastKnownFileType = sourcecode.cpp.cpp; path = DGFontManager.cpp; sourceTree = "<group>"; };
		E8362A6D14F2FBFB005B20EF /* DGFontManager.h */ = {isa = PBXFileReference; lastKnownFileType = sourcecode.c.h; path = DGFontManager.h; sourceTree = "<group>"; };
		E8707566157EF46800D2E916 /* DGCursorManager.h */ = {isa = PBXFileReference; lastKnownFileType = sourcecode.c.h; path = DGCursorManager.h; sourceTree = "<group>"; };
		E8707568157EF47600D2E916 /* DGCursorManager.cpp */ = {isa = PBXFileReference; fileEncoding = 4; lastKnownFileType = sourcecode.cpp.cpp; path = DGCursorManager.cpp; sourceTree = "<group>"; };
		E8CF666914EFE7B100B4562B /* Font.cpp */ = {isa = PBXFileReference; fileEncoding = 4; lastKnownFileType = sourcecode.cpp.cpp; path = Font.cpp; sourceTree = "<group>"; };
		E8CF666A14EFE7B100B4562B /* Font.h */ = {isa = PBXFileReference; fileEncoding = 4; lastKnownFileType = sourcecode.c.h; path = Font.h; sourceTree = "<group>"; };
		E8CF666D14EFE7F100B4562B /* FontData.c */ = {isa = PBXFileReference; fileEncoding = 4; lastKnownFileType = sourcecode.c.c; path = FontData.c; sourceTree = "<group>"; };
		E8E0194714E366B800173A2D /* DGNodeProxy.h */ = {isa = PBXFileReference; fileEncoding = 4; lastKnownFileType = sourcecode.c.h; path = DGNodeProxy.h; sourceTree = "<group>"; };
		E8E0194814E366B800173A2D /* DGProxy.h */ = {isa = PBXFileReference; fileEncoding = 4; lastKnownFileType = sourcecode.c.h; path = DGProxy.h; sourceTree = "<group>"; };
		E8E0194914E366B800173A2D /* DGRoomProxy.h */ = {isa = PBXFileReference; fileEncoding = 4; lastKnownFileType = sourcecode.c.h; path = DGRoomProxy.h; sourceTree = "<group>"; };
		E8ECDFCB14E216B900A6BA8D /* DGScript.cpp */ = {isa = PBXFileReference; fileEncoding = 4; lastKnownFileType = sourcecode.cpp.cpp; path = DGScript.cpp; sourceTree = "<group>"; };
		E8ECDFCC14E216B900A6BA8D /* DGScript.h */ = {isa = PBXFileReference; fileEncoding = 4; lastKnownFileType = sourcecode.c.h; path = DGScript.h; sourceTree = "<group>"; };
		FB0602B2158BC6AC00D26AB9 /* DGInterface.h */ = {isa = PBXFileReference; lastKnownFileType = sourcecode.c.h; path = DGInterface.h; sourceTree = "<group>"; };
		FB0602B3158BC6B800D26AB9 /* DGInterface.cpp */ = {isa = PBXFileReference; fileEncoding = 4; lastKnownFileType = sourcecode.cpp.cpp; path = DGInterface.cpp; sourceTree = "<group>"; };
		FB0602B6158BD58200D26AB9 /* DGCursorLib.h */ = {isa = PBXFileReference; lastKnownFileType = sourcecode.c.h; path = DGCursorLib.h; sourceTree = "<group>"; };
		FB0602B7158FB18000D26AB9 /* DGVideo.cpp */ = {isa = PBXFileReference; fileEncoding = 4; lastKnownFileType = sourcecode.cpp.cpp; path = DGVideo.cpp; sourceTree = "<group>"; };
		FB0602B9158FB18C00D26AB9 /* DGVideo.h */ = {isa = PBXFileReference; lastKnownFileType = sourcecode.c.h; path = DGVideo.h; sourceTree = "<group>"; };
		FB0769D71508F228009EA1AF /* AudioProxy.h */ = {isa = PBXFileReference; lastKnownFileType = sourcecode.c.h; path = AudioProxy.h; sourceTree = "<group>"; };
		FB0F421D14896D3600BE880D /* English */ = {isa = PBXFileReference; lastKnownFileType = file.xib; name = English; path = Resources/English.lproj/MainMenu.xib; sourceTree = SOURCE_ROOT; };
		FB0F422014896D3C00BE880D /* English */ = {isa = PBXFileReference; lastKnownFileType = text.plist.strings; name = English; path = Resources/English.lproj/InfoPlist.strings; sourceTree = SOURCE_ROOT; };
		FB2416CB14E9A7D4005311D1 /* DGSpotProxy.h */ = {isa = PBXFileReference; fileEncoding = 4; lastKnownFileType = sourcecode.c.h; path = DGSpotProxy.h; sourceTree = "<group>"; };
		FB247286148C061F00F7D1B6 /* Dagon.icns */ = {isa = PBXFileReference; lastKnownFileType = image.icns; path = Dagon.icns; sourceTree = "<group>"; };
		FB2472AC148C0EC500F7D1B6 /* Colors.h */ = {isa = PBXFileReference; fileEncoding = 4; lastKnownFileType = sourcecode.c.h; path = Colors.h; sourceTree = "<group>"; };
		FB2472B5148C0EC500F7D1B6 /* Defines.h */ = {isa = PBXFileReference; fileEncoding = 4; lastKnownFileType = sourcecode.c.h; path = Defines.h; sourceTree = "<group>"; };
		FB26300414D33B3200EAD41A /* Log.cpp */ = {isa = PBXFileReference; fileEncoding = 4; lastKnownFileType = sourcecode.cpp.cpp; path = Log.cpp; sourceTree = "<group>"; };
		FB26300714D33B3D00EAD41A /* Log.h */ = {isa = PBXFileReference; fileEncoding = 4; lastKnownFileType = sourcecode.c.h; path = Log.h; sourceTree = "<group>"; };
		FB26300814D3490300EAD41A /* DGState.cpp */ = {isa = PBXFileReference; fileEncoding = 4; lastKnownFileType = sourcecode.cpp.cpp; path = DGState.cpp; sourceTree = "<group>"; };
		FB26300A14D3491000EAD41A /* DGState.h */ = {isa = PBXFileReference; fileEncoding = 4; lastKnownFileType = sourcecode.c.h; path = DGState.h; sourceTree = "<group>"; };
		FB26303814D713D100EAD41A /* Config.h */ = {isa = PBXFileReference; fileEncoding = 4; lastKnownFileType = sourcecode.c.h; path = Config.h; sourceTree = "<group>"; };
		FB26303914D713DB00EAD41A /* Config.cpp */ = {isa = PBXFileReference; fileEncoding = 4; lastKnownFileType = sourcecode.cpp.cpp; path = Config.cpp; sourceTree = "<group>"; };
		FB279DA814AA8AA0002D48FC /* DGObject.cpp */ = {isa = PBXFileReference; fileEncoding = 4; lastKnownFileType = sourcecode.cpp.cpp; path = DGObject.cpp; sourceTree = "<group>"; };
		FB279DAA14AA8CF1002D48FC /* DGObject.h */ = {isa = PBXFileReference; fileEncoding = 4; lastKnownFileType = sourcecode.c.h; path = DGObject.h; sourceTree = "<group>"; };
		FB279DAD14AB61A0002D48FC /* DGSpot.cpp */ = {isa = PBXFileReference; fileEncoding = 4; lastKnownFileType = sourcecode.cpp.cpp; path = DGSpot.cpp; sourceTree = "<group>"; };
		FB279DAF14AB61BD002D48FC /* DGSpot.h */ = {isa = PBXFileReference; fileEncoding = 4; lastKnownFileType = sourcecode.c.h; path = DGSpot.h; sourceTree = "<group>"; };
		FB279DB014AB81F8002D48FC /* Action.h */ = {isa = PBXFileReference; fileEncoding = 4; lastKnownFileType = sourcecode.c.h; path = Action.h; sourceTree = "<group>"; };
		FB279DB114ACD223002D48FC /* DGNode.cpp */ = {isa = PBXFileReference; fileEncoding = 4; lastKnownFileType = sourcecode.cpp.cpp; path = DGNode.cpp; sourceTree = "<group>"; };
		FB279DB314ACD230002D48FC /* DGNode.h */ = {isa = PBXFileReference; fileEncoding = 4; lastKnownFileType = sourcecode.c.h; path = DGNode.h; sourceTree = "<group>"; };
		FB279DB414ADF3A5002D48FC /* DGRoom.cpp */ = {isa = PBXFileReference; fileEncoding = 4; lastKnownFileType = sourcecode.cpp.cpp; path = DGRoom.cpp; sourceTree = "<group>"; };
		FB279DB614ADF3BF002D48FC /* DGRoom.h */ = {isa = PBXFileReference; fileEncoding = 4; lastKnownFileType = sourcecode.c.h; path = DGRoom.h; sourceTree = "<group>"; };
		FB279DB714AE14AF002D48FC /* Audio.cpp */ = {isa = PBXFileReference; fileEncoding = 4; lastKnownFileType = sourcecode.cpp.cpp; path = Audio.cpp; sourceTree = "<group>"; };
		FB279DB914AE1555002D48FC /* Audio.h */ = {isa = PBXFileReference; fileEncoding = 4; lastKnownFileType = sourcecode.c.h; path = Audio.h; sourceTree = "<group>"; };
		FB2AA4C614D9918400B508E5 /* Language.h */ = {isa = PBXFileReference; fileEncoding = 4; lastKnownFileType = sourcecode.c.h; path = Language.h; sourceTree = "<group>"; };
		FB34FB1214DB126F007D2EE1 /* DGSystem.h */ = {isa = PBXFileReference; fileEncoding = 4; lastKnownFileType = sourcecode.c.h; path = DGSystem.h; sourceTree = "<group>"; };
		FB3B4DC515CD7EC6000B69C6 /* DGDustData.c */ = {isa = PBXFileReference; fileEncoding = 4; lastKnownFileType = sourcecode.c.c; path = DGDustData.c; sourceTree = "<group>"; };
		FB40B9761795E26600788AF1 /* main.cpp */ = {isa = PBXFileReference; fileEncoding = 4; lastKnownFileType = sourcecode.cpp.cpp; name = main.cpp; path = ../Source/main.cpp; sourceTree = "<group>"; };
		FB40B9781795E2A600788AF1 /* DGSystem.cpp */ = {isa = PBXFileReference; fileEncoding = 4; lastKnownFileType = sourcecode.cpp.cpp; path = DGSystem.cpp; sourceTree = "<group>"; };
		FB40B97A1795E4BA00788AF1 /* IOKit.framework */ = {isa = PBXFileReference; lastKnownFileType = wrapper.framework; name = IOKit.framework; path = System/Library/Frameworks/IOKit.framework; sourceTree = SDKROOT; };
		FB6A1E9015AC7E52000C0222 /* DGEffectsManager.h */ = {isa = PBXFileReference; lastKnownFileType = sourcecode.c.h; path = DGEffectsManager.h; sourceTree = "<group>"; };
		FB6A1E9215AC7E5D000C0222 /* DGEffectsManager.cpp */ = {isa = PBXFileReference; fileEncoding = 4; lastKnownFileType = sourcecode.cpp.cpp; path = DGEffectsManager.cpp; sourceTree = "<group>"; };
		FB9A5C8B179DCFB600D7234F /* DGEvent.h */ = {isa = PBXFileReference; lastKnownFileType = sourcecode.c.h; path = DGEvent.h; sourceTree = "<group>"; };
		FB9A5C9017A1B38D00D7234F /* DGLocator.h */ = {isa = PBXFileReference; fileEncoding = 4; lastKnownFileType = sourcecode.c.h; path = DGLocator.h; sourceTree = "<group>"; };
		FB9A5C9417A1C5C200D7234F /* DGLocator.cpp */ = {isa = PBXFileReference; fileEncoding = 4; lastKnownFileType = sourcecode.cpp.cpp; path = DGLocator.cpp; sourceTree = "<group>"; };
		FBA2C77D14DC13B40098E334 /* DGRenderManager.cpp */ = {isa = PBXFileReference; fileEncoding = 4; lastKnownFileType = sourcecode.cpp.cpp; path = DGRenderManager.cpp; sourceTree = "<group>"; };
		FBA2C77F14DC13BF0098E334 /* DGRenderManager.h */ = {isa = PBXFileReference; fileEncoding = 4; lastKnownFileType = sourcecode.c.h; path = DGRenderManager.h; sourceTree = "<group>"; };
		FBA2C78014DC654B0098E334 /* DGControl.cpp */ = {isa = PBXFileReference; fileEncoding = 4; lastKnownFileType = sourcecode.cpp.cpp; path = DGControl.cpp; sourceTree = "<group>"; };
		FBA2C78214DC65660098E334 /* DGControl.h */ = {isa = PBXFileReference; fileEncoding = 4; lastKnownFileType = sourcecode.c.h; path = DGControl.h; sourceTree = "<group>"; };
		FBA2C78414DC74840098E334 /* Version.h */ = {isa = PBXFileReference; fileEncoding = 4; lastKnownFileType = sourcecode.c.h; path = Version.h; sourceTree = "<group>"; };
		FBA2C78514DC91200098E334 /* Platform.h */ = {isa = PBXFileReference; fileEncoding = 4; lastKnownFileType = sourcecode.c.h; path = Platform.h; sourceTree = "<group>"; };
		FBA2C78614DD80100098E334 /* DGCameraManager.h */ = {isa = PBXFileReference; fileEncoding = 4; lastKnownFileType = sourcecode.c.h; path = DGCameraManager.h; sourceTree = "<group>"; };
		FBA2C78714DD801A0098E334 /* DGCameraManager.cpp */ = {isa = PBXFileReference; fileEncoding = 4; lastKnownFileType = sourcecode.cpp.cpp; path = DGCameraManager.cpp; sourceTree = "<group>"; };
		FBA97543157B961900428561 /* DGObjectProxy.h */ = {isa = PBXFileReference; lastKnownFileType = sourcecode.c.h; path = DGObjectProxy.h; sourceTree = "<group>"; };
		FBABA630156548E80009889F /* DGOverlay.cpp */ = {isa = PBXFileReference; fileEncoding = 4; lastKnownFileType = sourcecode.cpp.cpp; path = DGOverlay.cpp; sourceTree = "<group>"; };
		FBABA633156548F40009889F /* DGOverlay.h */ = {isa = PBXFileReference; lastKnownFileType = sourcecode.c.h; path = DGOverlay.h; sourceTree = "<group>"; };
		FBABA6341565537D0009889F /* DGImage.cpp */ = {isa = PBXFileReference; fileEncoding = 4; lastKnownFileType = sourcecode.cpp.cpp; path = DGImage.cpp; sourceTree = "<group>"; };
		FBABA6361565538F0009889F /* DGImage.h */ = {isa = PBXFileReference; lastKnownFileType = sourcecode.c.h; path = DGImage.h; sourceTree = "<group>"; };
		FBABA6371565539B0009889F /* Button.cpp */ = {isa = PBXFileReference; fileEncoding = 4; lastKnownFileType = sourcecode.cpp.cpp; path = Button.cpp; sourceTree = "<group>"; };
		FBABA639156553A80009889F /* Button.h */ = {isa = PBXFileReference; lastKnownFileType = sourcecode.c.h; path = Button.h; sourceTree = "<group>"; };
		FBABA63A156583EC0009889F /* DGOverlayProxy.h */ = {isa = PBXFileReference; lastKnownFileType = sourcecode.c.h; path = DGOverlayProxy.h; sourceTree = "<group>"; };
		FBABA63B156589030009889F /* DGImageProxy.h */ = {isa = PBXFileReference; lastKnownFileType = sourcecode.c.h; path = DGImageProxy.h; sourceTree = "<group>"; };
		FBABA63C1565B5C00009889F /* ButtonProxy.h */ = {isa = PBXFileReference; lastKnownFileType = sourcecode.c.h; path = ButtonProxy.h; sourceTree = "<group>"; };
		FBB4762F15D01D2E00514FE6 /* DGSplashData.c */ = {isa = PBXFileReference; fileEncoding = 4; lastKnownFileType = sourcecode.c.c; path = DGSplashData.c; sourceTree = "<group>"; };
		FBBC59A815AF41E9005D173B /* DGEffectsLib.h */ = {isa = PBXFileReference; lastKnownFileType = sourcecode.c.h; path = DGEffectsLib.h; sourceTree = "<group>"; };
		FBBC59AB15AF5E87005D173B /* DGShaderData.c */ = {isa = PBXFileReference; fileEncoding = 4; lastKnownFileType = sourcecode.c.c; path = DGShaderData.c; sourceTree = "<group>"; };
		FBBE56DC1795B4BA002CBF3C /* Credits.rtf */ = {isa = PBXFileReference; fileEncoding = 4; lastKnownFileType = text.rtf; name = Credits.rtf; path = ../../Documents/Credits.rtf; sourceTree = "<group>"; };
		FBBE56DE1795B4C9002CBF3C /* Info.plist */ = {isa = PBXFileReference; fileEncoding = 4; lastKnownFileType = text.plist.xml; path = Info.plist; sourceTree = SOURCE_ROOT; };
		FBBE56E01795B526002CBF3C /* Dagon.entitlements */ = {isa = PBXFileReference; fileEncoding = 4; lastKnownFileType = text.xml; path = Dagon.entitlements; sourceTree = "<group>"; };
		FBBE56E21795B539002CBF3C /* OpenGL.framework */ = {isa = PBXFileReference; lastKnownFileType = wrapper.framework; name = OpenGL.framework; path = System/Library/Frameworks/OpenGL.framework; sourceTree = SDKROOT; };
		FBBE56E41795B5E1002CBF3C /* Luna.h */ = {isa = PBXFileReference; fileEncoding = 4; lastKnownFileType = sourcecode.c.h; path = Luna.h; sourceTree = "<group>"; };
		FBBE56E51795B5E1002CBF3C /* stb_image.c */ = {isa = PBXFileReference; fileEncoding = 4; lastKnownFileType = sourcecode.c.c; path = stb_image.c; sourceTree = "<group>"; };
		FBBE56E61795B5E1002CBF3C /* stb_image.h */ = {isa = PBXFileReference; fileEncoding = 4; lastKnownFileType = sourcecode.c.h; path = stb_image.h; sourceTree = "<group>"; };
		FBC8882E14574F08008D548F /* Dagon.app */ = {isa = PBXFileReference; explicitFileType = wrapper.application; includeInIndex = 0; path = Dagon.app; sourceTree = BUILT_PRODUCTS_DIR; };
		FBC8883214574F08008D548F /* Cocoa.framework */ = {isa = PBXFileReference; lastKnownFileType = wrapper.framework; name = Cocoa.framework; path = System/Library/Frameworks/Cocoa.framework; sourceTree = SDKROOT; };
		FBC8883514574F08008D548F /* AppKit.framework */ = {isa = PBXFileReference; lastKnownFileType = wrapper.framework; name = AppKit.framework; path = System/Library/Frameworks/AppKit.framework; sourceTree = SDKROOT; };
		FBC8883614574F08008D548F /* CoreData.framework */ = {isa = PBXFileReference; lastKnownFileType = wrapper.framework; name = CoreData.framework; path = System/Library/Frameworks/CoreData.framework; sourceTree = SDKROOT; };
		FBC8883714574F08008D548F /* Foundation.framework */ = {isa = PBXFileReference; lastKnownFileType = wrapper.framework; name = Foundation.framework; path = System/Library/Frameworks/Foundation.framework; sourceTree = SDKROOT; };
		FBC942FE15C74E0700840D3E /* DGCamLib.h */ = {isa = PBXFileReference; lastKnownFileType = sourcecode.c.h; path = DGCamLib.h; sourceTree = "<group>"; };
		FBCD18A914E5D85F0039BC92 /* DGSystemLib.h */ = {isa = PBXFileReference; fileEncoding = 4; lastKnownFileType = sourcecode.c.h; path = DGSystemLib.h; sourceTree = "<group>"; };
		FBD2F64815064FD000AB6C31 /* DGAudioManager.h */ = {isa = PBXFileReference; fileEncoding = 4; lastKnownFileType = sourcecode.c.h; path = DGAudioManager.h; sourceTree = "<group>"; };
		FBD2F64A1506503C00AB6C31 /* DGAudioManager.cpp */ = {isa = PBXFileReference; fileEncoding = 4; lastKnownFileType = sourcecode.cpp.cpp; path = DGAudioManager.cpp; sourceTree = "<group>"; };
		FBD3A58614DF27C600CA2756 /* Geometry.h */ = {isa = PBXFileReference; fileEncoding = 4; lastKnownFileType = sourcecode.c.h; path = Geometry.h; sourceTree = "<group>"; };
		FBE208DF1589745B002F7D46 /* DGScene.cpp */ = {isa = PBXFileReference; fileEncoding = 4; lastKnownFileType = sourcecode.cpp.cpp; path = DGScene.cpp; sourceTree = "<group>"; };
		FBE208E21589746E002F7D46 /* DGScene.h */ = {isa = PBXFileReference; lastKnownFileType = sourcecode.c.h; path = DGScene.h; sourceTree = "<group>"; };
		FBE7EDE0153F602F00F43EDA /* DGConsole.h */ = {isa = PBXFileReference; lastKnownFileType = sourcecode.c.h; path = DGConsole.h; sourceTree = "<group>"; };
		FBE7EDE2153F603D00F43EDA /* DGConsole.cpp */ = {isa = PBXFileReference; fileEncoding = 4; lastKnownFileType = sourcecode.cpp.cpp; path = DGConsole.cpp; sourceTree = "<group>"; };
		FBE8A80D1590E90600C6D44A /* DGVideoManager.h */ = {isa = PBXFileReference; lastKnownFileType = sourcecode.c.h; path = DGVideoManager.h; sourceTree = "<group>"; };
		FBE8A80F1590E91100C6D44A /* DGVideoManager.cpp */ = {isa = PBXFileReference; fileEncoding = 4; lastKnownFileType = sourcecode.cpp.cpp; path = DGVideoManager.cpp; sourceTree = "<group>"; };
		FBE9FF2D15CB71B700CBB2D9 /* DGSlideProxy.h */ = {isa = PBXFileReference; lastKnownFileType = sourcecode.c.h; path = DGSlideProxy.h; sourceTree = "<group>"; };
		FBFCC9EF14BB361B003211AD /* DGTexture.h */ = {isa = PBXFileReference; fileEncoding = 4; lastKnownFileType = sourcecode.c.h; path = DGTexture.h; sourceTree = "<group>"; };
		FBFCC9F014BB3624003211AD /* DGTexture.cpp */ = {isa = PBXFileReference; fileEncoding = 4; lastKnownFileType = sourcecode.cpp.cpp; path = DGTexture.cpp; sourceTree = "<group>"; };
		FBFD855814C4CCE9000E82B2 /* DGTextureManager.cpp */ = {isa = PBXFileReference; fileEncoding = 4; lastKnownFileType = sourcecode.cpp.cpp; path = DGTextureManager.cpp; sourceTree = "<group>"; };
		FBFD855A14C4CCF9000E82B2 /* DGTextureManager.h */ = {isa = PBXFileReference; fileEncoding = 4; lastKnownFileType = sourcecode.c.h; path = DGTextureManager.h; sourceTree = "<group>"; };
/* End PBXFileReference section */

/* Begin PBXFrameworksBuildPhase section */
		FBC8882B14574F08008D548F /* Frameworks */ = {
			isa = PBXFrameworksBuildPhase;
			buildActionMask = 2147483647;
			files = (
				FBBE56DB17949ADF002CBF3C /* Cocoa.framework in Frameworks */,
				FB40B97C1795E4F200788AF1 /* IOKit.framework in Frameworks */,
				FBBE56E31795B539002CBF3C /* OpenGL.framework in Frameworks */,
			);
			runOnlyForDeploymentPostprocessing = 0;
		};
/* End PBXFrameworksBuildPhase section */

/* Begin PBXGroup section */
		FB0602B5158BD55B00D26AB9 /* Libraries */ = {
			isa = PBXGroup;
			children = (
				FBC942FE15C74E0700840D3E /* DGCamLib.h */,
				E817433514E6030A002CF502 /* ConfigLib.h */,
				FB0602B6158BD58200D26AB9 /* DGCursorLib.h */,
				FBBC59A815AF41E9005D173B /* DGEffectsLib.h */,
				FBCD18A914E5D85F0039BC92 /* DGSystemLib.h */,
			);
			name = Libraries;
			sourceTree = "<group>";
		};
		FB247283148C05E900F7D1B6 /* Resources */ = {
			isa = PBXGroup;
			children = (
				FBBE56DC1795B4BA002CBF3C /* Credits.rtf */,
				FBBE56E01795B526002CBF3C /* Dagon.entitlements */,
				FB247286148C061F00F7D1B6 /* Dagon.icns */,
				FBBE56DE1795B4C9002CBF3C /* Info.plist */,
				FB0F421F14896D3C00BE880D /* InfoPlist.strings */,
				FB0F421C14896D3600BE880D /* MainMenu.xib */,
			);
			name = Resources;
			path = Mac/Resources;
			sourceTree = "<group>";
		};
		FB247313148C672A00F7D1B6 /* Model */ = {
			isa = PBXGroup;
			children = (
				FB279DB014AB81F8002D48FC /* Action.h */,
				FB279DB914AE1555002D48FC /* Audio.h */,
				FB279DB714AE14AF002D48FC /* Audio.cpp */,
				FBABA639156553A80009889F /* Button.h */,
				FBABA6371565539B0009889F /* Button.cpp */,
				E8CF666A14EFE7B100B4562B /* Font.h */,
				E8CF666914EFE7B100B4562B /* Font.cpp */,
				FBABA6361565538F0009889F /* DGImage.h */,
				FBABA6341565537D0009889F /* DGImage.cpp */,
				FB279DB314ACD230002D48FC /* DGNode.h */,
				FB279DB114ACD223002D48FC /* DGNode.cpp */,
				FB279DAA14AA8CF1002D48FC /* DGObject.h */,
				FB279DA814AA8AA0002D48FC /* DGObject.cpp */,
				FBABA633156548F40009889F /* DGOverlay.h */,
				FBABA630156548E80009889F /* DGOverlay.cpp */,
				FB279DB614ADF3BF002D48FC /* DGRoom.h */,
				FB279DB414ADF3A5002D48FC /* DGRoom.cpp */,
				FB279DAF14AB61BD002D48FC /* DGSpot.h */,
				FB279DAD14AB61A0002D48FC /* DGSpot.cpp */,
				FBFCC9EF14BB361B003211AD /* DGTexture.h */,
				FBFCC9F014BB3624003211AD /* DGTexture.cpp */,
				FB0602B9158FB18C00D26AB9 /* DGVideo.h */,
				FB0602B7158FB18000D26AB9 /* DGVideo.cpp */,
			);
			name = Model;
			path = Source;
			sourceTree = "<group>";
		};
		FB247318148C676A00F7D1B6 /* Controller */ = {
			isa = PBXGroup;
			children = (
				FB0602B5158BD55B00D26AB9 /* Libraries */,
				FBE208E315897A9A002F7D46 /* Proxys */,
				FBD2F64815064FD000AB6C31 /* DGAudioManager.h */,
				FBD2F64A1506503C00AB6C31 /* DGAudioManager.cpp */,
				FBA2C78214DC65660098E334 /* DGControl.h */,
				FBA2C78014DC654B0098E334 /* DGControl.cpp */,
				FB9A5C8B179DCFB600D7234F /* DGEvent.h */,
				E8362A6814F1B182005B20EF /* DGFeedManager.h */,
				E8362A6914F1B1A1005B20EF /* DGFeedManager.cpp */,
				E8362A6D14F2FBFB005B20EF /* DGFontManager.h */,
				E8362A6B14F2FBE1005B20EF /* DGFontManager.cpp */,
				FB9A5C9017A1B38D00D7234F /* DGLocator.h */,
				FB9A5C9417A1C5C200D7234F /* DGLocator.cpp */,
				E8ECDFCC14E216B900A6BA8D /* DGScript.h */,
				E8ECDFCB14E216B900A6BA8D /* DGScript.cpp */,
				FB26300A14D3491000EAD41A /* DGState.h */,
				FB26300814D3490300EAD41A /* DGState.cpp */,
				FB34FB1214DB126F007D2EE1 /* DGSystem.h */,
				FB40B9781795E2A600788AF1 /* DGSystem.cpp */,
				FBFD855A14C4CCF9000E82B2 /* DGTextureManager.h */,
				FBFD855814C4CCE9000E82B2 /* DGTextureManager.cpp */,
				E8362A6414F099A6005B20EF /* DGTimerManager.h */,
				E8362A6614F099B3005B20EF /* DGTimerManager.cpp */,
				FBE8A80D1590E90600C6D44A /* DGVideoManager.h */,
				FBE8A80F1590E91100C6D44A /* DGVideoManager.cpp */,
			);
			name = Controller;
			path = Source;
			sourceTree = "<group>";
		};
		FB247319148C677800F7D1B6 /* View */ = {
			isa = PBXGroup;
			children = (
				FBA2C78614DD80100098E334 /* DGCameraManager.h */,
				FBA2C78714DD801A0098E334 /* DGCameraManager.cpp */,
				FBE7EDE0153F602F00F43EDA /* DGConsole.h */,
				FBE7EDE2153F603D00F43EDA /* DGConsole.cpp */,
				E8707566157EF46800D2E916 /* DGCursorManager.h */,
				E8707568157EF47600D2E916 /* DGCursorManager.cpp */,
				FB6A1E9015AC7E52000C0222 /* DGEffectsManager.h */,
				FB6A1E9215AC7E5D000C0222 /* DGEffectsManager.cpp */,
				FB0602B2158BC6AC00D26AB9 /* DGInterface.h */,
				FB0602B3158BC6B800D26AB9 /* DGInterface.cpp */,
				FBA2C77F14DC13BF0098E334 /* DGRenderManager.h */,
				FBA2C77D14DC13B40098E334 /* DGRenderManager.cpp */,
				FBE208E21589746E002F7D46 /* DGScene.h */,
				FBE208DF1589745B002F7D46 /* DGScene.cpp */,
			);
			name = View;
			path = Source;
			sourceTree = "<group>";
		};
		FB24731A148C67A200F7D1B6 /* Common */ = {
			isa = PBXGroup;
			children = (
				FB2472AC148C0EC500F7D1B6 /* Colors.h */,
				FB26303814D713D100EAD41A /* Config.h */,
				FB26303914D713DB00EAD41A /* Config.cpp */,
				FB2472B5148C0EC500F7D1B6 /* Defines.h */,
				FBD3A58614DF27C600CA2756 /* Geometry.h */,
				FB2AA4C614D9918400B508E5 /* Language.h */,
				FB26300714D33B3D00EAD41A /* Log.h */,
				FB26300414D33B3200EAD41A /* Log.cpp */,
				FBA2C78514DC91200098E334 /* Platform.h */,
				FBA2C78414DC74840098E334 /* Version.h */,
			);
			name = Common;
			path = Source;
			sourceTree = "<group>";
		};
		FBC8882314574F07008D548F = {
			isa = PBXGroup;
			children = (
				FBC8883814574F08008D548F /* Dagon */,
				FBC8883114574F08008D548F /* Frameworks */,
				FBC8882F14574F08008D548F /* Products */,
			);
			sourceTree = "<group>";
		};
		FBC8882F14574F08008D548F /* Products */ = {
			isa = PBXGroup;
			children = (
				FBC8882E14574F08008D548F /* Dagon.app */,
			);
			name = Products;
			path = ..;
			sourceTree = "<group>";
		};
		FBC8883114574F08008D548F /* Frameworks */ = {
			isa = PBXGroup;
			children = (
				FBC8883214574F08008D548F /* Cocoa.framework */,
				FB40B97A1795E4BA00788AF1 /* IOKit.framework */,
				FBBE56E21795B539002CBF3C /* OpenGL.framework */,
				FBC8883414574F08008D548F /* Other Frameworks */,
			);
			name = Frameworks;
			sourceTree = "<group>";
		};
		FBC8883414574F08008D548F /* Other Frameworks */ = {
			isa = PBXGroup;
			children = (
				FBC8883514574F08008D548F /* AppKit.framework */,
				FBC8883614574F08008D548F /* CoreData.framework */,
				FBC8883714574F08008D548F /* Foundation.framework */,
			);
			name = "Other Frameworks";
			sourceTree = "<group>";
		};
		FBC8883814574F08008D548F /* Dagon */ = {
			isa = PBXGroup;
			children = (
				FB24731A148C67A200F7D1B6 /* Common */,
				FB247313148C672A00F7D1B6 /* Model */,
				FB247318148C676A00F7D1B6 /* Controller */,
				FB247319148C677800F7D1B6 /* View */,
				FBDF7B71148C69E4003A96B3 /* Data */,
				FBC8883914574F08008D548F /* Other Sources */,
				FB247283148C05E900F7D1B6 /* Resources */,
			);
			name = Dagon;
			path = ..;
			sourceTree = "<group>";
		};
		FBC8883914574F08008D548F /* Other Sources */ = {
			isa = PBXGroup;
			children = (
				FBBE56E41795B5E1002CBF3C /* Luna.h */,
				FB40B9761795E26600788AF1 /* main.cpp */,
				FBBE56E51795B5E1002CBF3C /* stb_image.c */,
				FBBE56E61795B5E1002CBF3C /* stb_image.h */,
			);
			path = "Other Sources";
			sourceTree = "<group>";
		};
		FBDF7B71148C69E4003A96B3 /* Data */ = {
			isa = PBXGroup;
			children = (
				FB3B4DC515CD7EC6000B69C6 /* DGDustData.c */,
				E8CF666D14EFE7F100B4562B /* FontData.c */,
				FBBC59AB15AF5E87005D173B /* DGShaderData.c */,
				FBB4762F15D01D2E00514FE6 /* DGSplashData.c */,
			);
			name = Data;
			path = Source;
			sourceTree = "<group>";
		};
		FBE208E315897A9A002F7D46 /* Proxys */ = {
			isa = PBXGroup;
			children = (
				FB0769D71508F228009EA1AF /* AudioProxy.h */,
				FBABA63C1565B5C00009889F /* ButtonProxy.h */,
				FBABA63B156589030009889F /* DGImageProxy.h */,
				E8E0194714E366B800173A2D /* DGNodeProxy.h */,
				FBA97543157B961900428561 /* DGObjectProxy.h */,
				FBABA63A156583EC0009889F /* DGOverlayProxy.h */,
				E8E0194814E366B800173A2D /* DGProxy.h */,
				E8E0194914E366B800173A2D /* DGRoomProxy.h */,
				FBE9FF2D15CB71B700CBB2D9 /* DGSlideProxy.h */,
				FB2416CB14E9A7D4005311D1 /* DGSpotProxy.h */,
			);
			name = Proxys;
			sourceTree = "<group>";
		};
/* End PBXGroup section */

/* Begin PBXNativeTarget section */
		FBC8882D14574F08008D548F /* Dagon */ = {
			isa = PBXNativeTarget;
			buildConfigurationList = FBC8884C14574F08008D548F /* Build configuration list for PBXNativeTarget "Dagon" */;
			buildPhases = (
				FBC8882A14574F08008D548F /* Sources */,
				FBC8882B14574F08008D548F /* Frameworks */,
				FBC8882C14574F08008D548F /* Resources */,
				FBF06C27148FBBFD00DAE958 /* ShellScript */,
				FB31E0EF15B73F5A00EE3642 /* CopyFiles */,
			);
			buildRules = (
			);
			dependencies = (
			);
			name = Dagon;
			productName = Dagon;
			productReference = FBC8882E14574F08008D548F /* Dagon.app */;
			productType = "com.apple.product-type.application";
		};
/* End PBXNativeTarget section */

/* Begin PBXProject section */
		FBC8882514574F08008D548F /* Project object */ = {
			isa = PBXProject;
			attributes = {
				LastUpgradeCheck = 0460;
				ORGANIZATIONNAME = "Senscape s.r.l.";
			};
			buildConfigurationList = FBC8882814574F08008D548F /* Build configuration list for PBXProject "Dagon" */;
			compatibilityVersion = "Xcode 3.2";
			developmentRegion = English;
			hasScannedForEncodings = 0;
			knownRegions = (
				en,
				English,
			);
			mainGroup = FBC8882314574F07008D548F;
			productRefGroup = FBC8882F14574F08008D548F /* Products */;
			projectDirPath = "";
			projectRoot = "";
			targets = (
				FBC8882D14574F08008D548F /* Dagon */,
			);
		};
/* End PBXProject section */

/* Begin PBXResourcesBuildPhase section */
		FBC8882C14574F08008D548F /* Resources */ = {
			isa = PBXResourcesBuildPhase;
			buildActionMask = 2147483647;
			files = (
				FB0F421E14896D3600BE880D /* MainMenu.xib in Resources */,
				FB0F422114896D3C00BE880D /* InfoPlist.strings in Resources */,
				FB247287148C061F00F7D1B6 /* Dagon.icns in Resources */,
				FBBE56DD1795B4BA002CBF3C /* Credits.rtf in Resources */,
				FBBE56E11795B526002CBF3C /* Dagon.entitlements in Resources */,
			);
			runOnlyForDeploymentPostprocessing = 0;
		};
/* End PBXResourcesBuildPhase section */

/* Begin PBXShellScriptBuildPhase section */
		FBF06C27148FBBFD00DAE958 /* ShellScript */ = {
			isa = PBXShellScriptBuildPhase;
			buildActionMask = 8;
			files = (
			);
			inputPaths = (
			);
			outputPaths = (
			);
			runOnlyForDeploymentPostprocessing = 1;
			shellPath = "/usr/bin/perl -w";
			shellScript = "# Auto increment version number from build common file\n\ndie \"$0: Must be run from Xcode\" unless $ENV{\"BUILT_PRODUCTS_DIR\"};\n\n# Get the current build number\n$version_file=\"../Source/Version.h\";\n\nopen(FH, $version_file) || die(\"Cannot open file\");\n@raw_data = <FH>; \nclose(FH);\n\n@version_major = split(/ /, $raw_data[16]);\n@version_minor = split(/ /, $raw_data[17]);\n@version_release = split(/ /, $raw_data[18]);\n@version_build = split(/ /, $raw_data[21]);\n\nprint \"Build $version_build[2]\\n\"; \n++$version_build[2];\n\nsplice(@raw_data, 21, 1, \"#define DAGON_BUILD $version_build[2]\\n\");\n\nopen(FH, \">$version_file\") || die(\"Cannot Open File\");\nflock(FH, LOCK_EX);\nseek(FH, 0, SEEK_SET); \nprint FH @raw_data;\nclose(FH);\n\n$plist_bin = \"/usr/libexec/PlistBuddy\";\n$plist_file =\"Info.plist\";\n\nchomp($version_major[2]);\nchomp($version_minor[2]);\n\nsystem(\"$plist_bin -c 'Set :CFBundleShortVersionString $version_major[2].$version_minor[2]' $plist_file\");\nsystem(\"$plist_bin -c 'Set :CFBundleVersion $version_build[2]' $plist_file\");";
		};
/* End PBXShellScriptBuildPhase section */

/* Begin PBXSourcesBuildPhase section */
		FBC8882A14574F08008D548F /* Sources */ = {
			isa = PBXSourcesBuildPhase;
			buildActionMask = 2147483647;
			files = (
				FB279DA914AA8AA0002D48FC /* DGObject.cpp in Sources */,
				FB279DAE14AB61A1002D48FC /* DGSpot.cpp in Sources */,
				FB279DB214ACD224002D48FC /* DGNode.cpp in Sources */,
				FB279DB514ADF3A5002D48FC /* DGRoom.cpp in Sources */,
				FB279DBA14AE1736002D48FC /* Audio.cpp in Sources */,
				FBFCC9F114BB3624003211AD /* DGTexture.cpp in Sources */,
				FBFD855914C4CCE9000E82B2 /* DGTextureManager.cpp in Sources */,
				FB26300514D33B3200EAD41A /* Log.cpp in Sources */,
				FB26300914D3490300EAD41A /* DGState.cpp in Sources */,
				FB26303A14D713DB00EAD41A /* Config.cpp in Sources */,
				FBA2C77E14DC13B40098E334 /* DGRenderManager.cpp in Sources */,
				FBA2C78114DC654B0098E334 /* DGControl.cpp in Sources */,
				FBA2C78814DD801A0098E334 /* DGCameraManager.cpp in Sources */,
				E8ECDFCD14E216B900A6BA8D /* DGScript.cpp in Sources */,
				E8CF666B14EFE7B100B4562B /* Font.cpp in Sources */,
				E8CF666E14EFE7F100B4562B /* FontData.c in Sources */,
				E8362A6714F099B3005B20EF /* DGTimerManager.cpp in Sources */,
				E8362A6A14F1B1A1005B20EF /* DGFeedManager.cpp in Sources */,
				E8362A6C14F2FBE1005B20EF /* DGFontManager.cpp in Sources */,
				FBD2F64B1506503C00AB6C31 /* DGAudioManager.cpp in Sources */,
				FBE7EDE3153F603D00F43EDA /* DGConsole.cpp in Sources */,
				FBABA631156548E80009889F /* DGOverlay.cpp in Sources */,
				FBABA6351565537D0009889F /* DGImage.cpp in Sources */,
				FBABA6381565539B0009889F /* Button.cpp in Sources */,
				E8707569157EF47600D2E916 /* DGCursorManager.cpp in Sources */,
				FBE208E01589745B002F7D46 /* DGScene.cpp in Sources */,
				FB0602B4158BC6B800D26AB9 /* DGInterface.cpp in Sources */,
				FB0602B8158FB18000D26AB9 /* DGVideo.cpp in Sources */,
				FBE8A8101590E91100C6D44A /* DGVideoManager.cpp in Sources */,
				FB6A1E9315AC7E5D000C0222 /* DGEffectsManager.cpp in Sources */,
				FBBC59AC15AF5E87005D173B /* DGShaderData.c in Sources */,
				FB3B4DC615CD7EC6000B69C6 /* DGDustData.c in Sources */,
				FBB4763015D01D2E00514FE6 /* DGSplashData.c in Sources */,
				FBBE56E71795B5E1002CBF3C /* stb_image.c in Sources */,
				FB40B9771795E26700788AF1 /* main.cpp in Sources */,
				FB40B9791795E2A900788AF1 /* DGSystem.cpp in Sources */,
				FB9A5C9517A1C5C400D7234F /* DGLocator.cpp in Sources */,
			);
			runOnlyForDeploymentPostprocessing = 0;
		};
/* End PBXSourcesBuildPhase section */

/* Begin PBXVariantGroup section */
		FB0F421C14896D3600BE880D /* MainMenu.xib */ = {
			isa = PBXVariantGroup;
			children = (
				FB0F421D14896D3600BE880D /* English */,
			);
			name = MainMenu.xib;
			path = ../Dagon;
			sourceTree = "<group>";
		};
		FB0F421F14896D3C00BE880D /* InfoPlist.strings */ = {
			isa = PBXVariantGroup;
			children = (
				FB0F422014896D3C00BE880D /* English */,
			);
			name = InfoPlist.strings;
			path = ../..;
			sourceTree = "<group>";
		};
/* End PBXVariantGroup section */

/* Begin XCBuildConfiguration section */
		FBC8884A14574F08008D548F /* Debug */ = {
			isa = XCBuildConfiguration;
			buildSettings = {
				ALWAYS_SEARCH_USER_PATHS = YES;
				ARCHS = "$(ARCHS_STANDARD_64_BIT)";
				CLANG_CXX_LANGUAGE_STANDARD = "c++0x";
				CLANG_CXX_LIBRARY = "libc++";
				CLANG_WARN_CONSTANT_CONVERSION = YES;
				CLANG_WARN_ENUM_CONVERSION = YES;
				CLANG_WARN_INT_CONVERSION = YES;
				CLANG_WARN__DUPLICATE_METHOD_MATCH = YES;
				COPY_PHASE_STRIP = NO;
				FRAMEWORK_SEARCH_PATHS = "";
				GCC_C_LANGUAGE_STANDARD = "compiler-default";
				GCC_DYNAMIC_NO_PIC = NO;
				GCC_ENABLE_OBJC_EXCEPTIONS = YES;
				GCC_OPTIMIZATION_LEVEL = 0;
				GCC_PREPROCESSOR_DEFINITIONS = (
					"DEBUG=1",
					"$(inherited)",
				);
				GCC_SYMBOLS_PRIVATE_EXTERN = NO;
				GCC_VERSION = com.apple.compilers.llvm.clang.1_0;
				GCC_WARN_64_TO_32_BIT_CONVERSION = YES;
				GCC_WARN_ABOUT_MISSING_PROTOTYPES = YES;
				GCC_WARN_ABOUT_RETURN_TYPE = YES;
				GCC_WARN_UNINITIALIZED_AUTOS = YES;
				GCC_WARN_UNUSED_VARIABLE = YES;
				HEADER_SEARCH_PATHS = (
					../Libraries/Headers,
					../Libraries/Headers/freetype2,
					"../\"Other Sources\"",
				);
				INFOPLIST_FILE = "";
				INSTALL_PATH = /Applications;
				MACOSX_DEPLOYMENT_TARGET = 10.7;
				ONLY_ACTIVE_ARCH = YES;
				SDKROOT = macosx;
				VALID_ARCHS = x86_64;
			};
			name = Debug;
		};
		FBC8884B14574F08008D548F /* Release */ = {
			isa = XCBuildConfiguration;
			buildSettings = {
				ALWAYS_SEARCH_USER_PATHS = YES;
				ARCHS = "$(ARCHS_STANDARD_64_BIT)";
				CLANG_CXX_LANGUAGE_STANDARD = "c++0x";
				CLANG_CXX_LIBRARY = "libc++";
				CLANG_WARN_CONSTANT_CONVERSION = YES;
				CLANG_WARN_ENUM_CONVERSION = YES;
				CLANG_WARN_INT_CONVERSION = YES;
				CLANG_WARN__DUPLICATE_METHOD_MATCH = YES;
				COPY_PHASE_STRIP = YES;
				DEBUG_INFORMATION_FORMAT = "dwarf-with-dsym";
				FRAMEWORK_SEARCH_PATHS = "";
				GCC_C_LANGUAGE_STANDARD = "compiler-default";
				GCC_ENABLE_OBJC_EXCEPTIONS = YES;
				GCC_VERSION = com.apple.compilers.llvm.clang.1_0;
				GCC_WARN_64_TO_32_BIT_CONVERSION = YES;
				GCC_WARN_ABOUT_MISSING_PROTOTYPES = YES;
				GCC_WARN_ABOUT_RETURN_TYPE = YES;
				GCC_WARN_UNINITIALIZED_AUTOS = YES;
				GCC_WARN_UNUSED_VARIABLE = YES;
				HEADER_SEARCH_PATHS = (
					../Libraries/Headers,
					../Libraries/Headers/freetype2,
					"../\"Other Sources\"",
				);
				INFOPLIST_FILE = "";
				INSTALL_PATH = /Applications;
				MACOSX_DEPLOYMENT_TARGET = 10.7;
				SDKROOT = macosx;
				VALID_ARCHS = x86_64;
			};
			name = Release;
		};
		FBC8884D14574F08008D548F /* Debug */ = {
			isa = XCBuildConfiguration;
			buildSettings = {
				CODE_SIGN_ENTITLEMENTS = Resources/Dagon.entitlements;
				CODE_SIGN_IDENTITY = "";
				COMBINE_HIDPI_IMAGES = YES;
				FRAMEWORK_SEARCH_PATHS = "$(inherited)";
				GCC_PRECOMPILE_PREFIX_HEADER = NO;
				GCC_PREFIX_HEADER = "";
				INFOPLIST_FILE = Info.plist;
				LIBRARY_SEARCH_PATHS = (
					"$(inherited)",
					../Libraries/Mac,
				);
				OTHER_LDFLAGS = (
					"-lglew",
					"-lglfw3",
					"-lfreetype",
					"-llua",
					"-lopenal",
					"-logg",
					"-ltheoradec",
					"-lvorbis",
					"-lvorbisfile",
				);
				PRODUCT_NAME = "$(TARGET_NAME)";
				WRAPPER_EXTENSION = app;
			};
			name = Debug;
		};
		FBC8884E14574F08008D548F /* Release */ = {
			isa = XCBuildConfiguration;
			buildSettings = {
				CODE_SIGN_ENTITLEMENTS = Resources/Dagon.entitlements;
				CODE_SIGN_IDENTITY = "";
				COMBINE_HIDPI_IMAGES = YES;
				FRAMEWORK_SEARCH_PATHS = "$(inherited)";
				GCC_PRECOMPILE_PREFIX_HEADER = NO;
				GCC_PREFIX_HEADER = "";
				INFOPLIST_FILE = Info.plist;
				LIBRARY_SEARCH_PATHS = (
					"$(inherited)",
					../Libraries/Mac,
				);
				OTHER_LDFLAGS = (
					"-lglew",
					"-lglfw3",
					"-lfreetype",
					"-llua",
					"-lopenal",
					"-logg",
					"-ltheoradec",
					"-lvorbis",
					"-lvorbisfile",
				);
				PRODUCT_NAME = "$(TARGET_NAME)";
				WRAPPER_EXTENSION = app;
			};
			name = Release;
		};
/* End XCBuildConfiguration section */

/* Begin XCConfigurationList section */
		FBC8882814574F08008D548F /* Build configuration list for PBXProject "Dagon" */ = {
			isa = XCConfigurationList;
			buildConfigurations = (
				FBC8884A14574F08008D548F /* Debug */,
				FBC8884B14574F08008D548F /* Release */,
			);
			defaultConfigurationIsVisible = 0;
			defaultConfigurationName = Release;
		};
		FBC8884C14574F08008D548F /* Build configuration list for PBXNativeTarget "Dagon" */ = {
			isa = XCConfigurationList;
			buildConfigurations = (
				FBC8884D14574F08008D548F /* Debug */,
				FBC8884E14574F08008D548F /* Release */,
			);
			defaultConfigurationIsVisible = 0;
			defaultConfigurationName = Release;
		};
/* End XCConfigurationList section */
	};
	rootObject = FBC8882514574F08008D548F /* Project object */;
}
