
Microsoft Visual Studio Solution File, Format Version 12.00
# Visual Studio 14
VisualStudioVersion = 14.0.25123.0
MinimumVisualStudioVersion = 10.0.40219.1
Project("{8BC9CEB8-8B4A-11D0-8D11-00A0C91BC942}") = "Dagon", "Dagon.vcxproj", "{0E78040D-7A8C-2CBE-430E-D01DAFE128EF}"
EndProject
Global
	GlobalSection(SolutionConfigurationPlatforms) = preSolution
		debug|native = debug|native
		release|native = release|native
	EndGlobalSection
	GlobalSection(ProjectConfigurationPlatforms) = postSolution
		{0E78040D-7A8C-2CBE-430E-D01DAFE128EF}.debug|native.ActiveCfg = debug native|Win32
		{0E78040D-7A8C-2CBE-430E-D01DAFE128EF}.debug|native.Build.0 = debug native|Win32
		{0E78040D-7A8C-2CBE-430E-D01DAFE128EF}.release|native.ActiveCfg = release native|Win32
		{0E78040D-7A8C-2CBE-430E-D01DAFE128EF}.release|native.Build.0 = release native|Win32
	EndGlobalSection
	GlobalSection(SolutionProperties) = preSolution
		HideSolutionNode = FALSE
	EndGlobalSection
EndGlobal
